{
  "nodes": {
    "arduino-ctags": {
      "flake": false,
      "locked": {
        "lastModified": 1479894772,
        "narHash": "sha256-RKuzrGQUC0N6WHkTXB3OjuKn0E49BpGAyApIJDGamDA=",
        "owner": "arduino",
        "repo": "ctags",
        "rev": "abc8fca7499f44c725122881cd380a88c37abe0e",
        "type": "github"
      },
      "original": {
        "owner": "arduino",
        "ref": "5.8-arduino11",
        "repo": "ctags",
        "type": "github"
      }
    },
    "nixpkgs": {
      "locked": {
        "lastModified": 1790419373,
        "narHash": "sha256-ITW3wS8C/f8Ex97WWHfykDC2Zc1DlgChlCKKogMpRa0=",
        "owner": "NixOS",
        "repo": "nixpkgs",
        "rev": "74435dcdae840e9770652a7bf7754c2ef7b257e1",
        "type": "github"
      },
      "original": {
        "owner": "NixOS",
        "ref": "nixpkgs-unstable",
        "repo": "nixpkgs",
        "type": "github"
      }
    },
    "root": {
      "inputs": {
        "arduino-ctags": "arduino-ctags",
        "nixpkgs": "nixpkgs"
      }
    }
  },
  "root": "root",
  "version": 7
}
