{
  "nodes": {
    "arduino-ctags": {
      "flake": false,
      "locked": {
        "lastModified": 1479894772,
        "narHash": "sha256-RKuzrGQUC0N6WHkTXB3OjuKn0E49BpGAyApIJDGamDA=",
        "owner": "arduino",
        "repo": "ctags",
        "rev": "abc8fca7499f44c725122881cd380a88c37abe0e",
        "type": "github"
      },
      "original": {
        "owner": "arduino",
        "ref": "5.8-arduino11",
        "repo": "ctags",
        "type": "github"
      }
    },
    "nixpkgs": {
      "locked": {
        "lastModified": 1791487292,
        "narHash": "sha256-tqM7xDEsaeK1p6VvRygeZ9LkQRpUUkbRT02BHv6hnTM=",
        "owner": "NixOS",
        "repo": "nixpkgs",
        "rev": "8edc0c72e3a38faf5434e40d1f19431125fe4b30",
        "type": "github"
      },
      "original": {
        "owner": "NixOS",
        "ref": "nixpkgs-unstable",
        "repo": "nixpkgs",
        "type": "github"
      }
    },
    "root": {
      "inputs": {
        "arduino-ctags": "arduino-ctags",
        "nixpkgs": "nixpkgs"
      }
    }
  },
  "root": "root",
  "version": 7
}
